
Microsoft Visual Studio Solution File, Format Version 12.00
# Visual Studio Version 17
VisualStudioVersion = 17.13.35806.99 d17.13
MinimumVisualStudioVersion = 10.0.40219.1
Project("{FAE04EC0-301F-11D3-BF4B-00C04F79EFBC}") = "mvcajaxddlcascading", "mvcajaxddlcascading\mvcajaxddlcascading.csproj", "{DEA3D4A0-ED09-4F80-B35A-FD3F2F4AC678}"
EndProject
Global
	GlobalSection(SolutionConfigurationPlatforms) = preSolution
		Debug|Any CPU = Debug|Any CPU
		Release|Any CPU = Release|Any CPU
	EndGlobalSection
	GlobalSection(ProjectConfigurationPlatforms) = postSolution
		{DEA3D4A0-ED09-4F80-B35A-FD3F2F4AC678}.Debug|Any CPU.ActiveCfg = Debug|Any CPU
		{DEA3D4A0-ED09-4F80-B35A-FD3F2F4AC678}.Debug|Any CPU.Build.0 = Debug|Any CPU
		{DEA3D4A0-ED09-4F80-B35A-FD3F2F4AC678}.Release|Any CPU.ActiveCfg = Release|Any CPU
		{DEA3D4A0-ED09-4F80-B35A-FD3F2F4AC678}.Release|Any CPU.Build.0 = Release|Any CPU
	EndGlobalSection
	GlobalSection(SolutionProperties) = preSolution
		HideSolutionNode = FALSE
	EndGlobalSection
	GlobalSection(ExtensibilityGlobals) = postSolution
		SolutionGuid = {05E6D83C-3246-4CC7-B691-6F3B01704265}
	EndGlobalSection
EndGlobal
